# THIS IS AN AUTOGENERATED FILE. DO NOT EDIT THIS FILE DIRECTLY.
# yarn lockfile v1


ignore@^7.0.5:
  version "7.0.5"
  resolved "https://registry.npmmirror.com/ignore/-/ignore-7.0.5.tgz"
  integrity sha512-Hs59xBNfUIunMFgWAbGX5cq6893IbWg4KnrjbYwX3tx0ztorVgTDA6B2sxf8ejHJ4wz8BqGUMYlnzNBer5NvGg==

node-opencc@^2.0.1:
  version "2.0.1"
  resolved "https://registry.npmmirror.com/node-opencc/-/node-opencc-2.0.1.tgz"
  integrity sha512-SXhWq9oZU0V98xfxsJOEyfWRrcnec2f3zqKuugKta+UHmqtehNAd6QVYcEQ2CpwhmcRUVWaLovVLIIBm3jDXGg==
